
Microsoft Visual Studio Solution File, Format Version 12.00
# Visual Studio 15
VisualStudioVersion = 15.0.26430.13
MinimumVisualStudioVersion = 10.0.40219.1
Project("{FAE04EC0-301F-11D3-BF4B-00C04F79EFBC}") = "Lab9_José_Carlos_Girón_1064718", "Lab9_José_Carlos_Girón_1064718\Lab9_José_Carlos_Girón_1064718.csproj", "{ECBA47ED-A1BA-45CC-87A2-1D23E93B8376}"
EndProject
Global
	GlobalSection(SolutionConfigurationPlatforms) = preSolution
		Debug|Any CPU = Debug|Any CPU
		Release|Any CPU = Release|Any CPU
	EndGlobalSection
	GlobalSection(ProjectConfigurationPlatforms) = postSolution
		{ECBA47ED-A1BA-45CC-87A2-1D23E93B8376}.Debug|Any CPU.ActiveCfg = Debug|Any CPU
		{ECBA47ED-A1BA-45CC-87A2-1D23E93B8376}.Debug|Any CPU.Build.0 = Debug|Any CPU
		{ECBA47ED-A1BA-45CC-87A2-1D23E93B8376}.Release|Any CPU.ActiveCfg = Release|Any CPU
		{ECBA47ED-A1BA-45CC-87A2-1D23E93B8376}.Release|Any CPU.Build.0 = Release|Any CPU
	EndGlobalSection
	GlobalSection(SolutionProperties) = preSolution
		HideSolutionNode = FALSE
	EndGlobalSection
EndGlobal
