
Microsoft Visual Studio Solution File, Format Version 12.00
# Visual Studio 15
VisualStudioVersion = 15.0.26430.13
MinimumVisualStudioVersion = 10.0.40219.1
Project("{FAE04EC0-301F-11D3-BF4B-00C04F79EFBC}") = "José carlos Girón_1064718_Tarea4", "José carlos Girón_1064718_Tarea4\José carlos Girón_1064718_Tarea4.csproj", "{6918BAE2-4C3F-437A-BAC1-2434AA8844AE}"
EndProject
Global
	GlobalSection(SolutionConfigurationPlatforms) = preSolution
		Debug|Any CPU = Debug|Any CPU
		Release|Any CPU = Release|Any CPU
	EndGlobalSection
	GlobalSection(ProjectConfigurationPlatforms) = postSolution
		{6918BAE2-4C3F-437A-BAC1-2434AA8844AE}.Debug|Any CPU.ActiveCfg = Debug|Any CPU
		{6918BAE2-4C3F-437A-BAC1-2434AA8844AE}.Debug|Any CPU.Build.0 = Debug|Any CPU
		{6918BAE2-4C3F-437A-BAC1-2434AA8844AE}.Release|Any CPU.ActiveCfg = Release|Any CPU
		{6918BAE2-4C3F-437A-BAC1-2434AA8844AE}.Release|Any CPU.Build.0 = Release|Any CPU
	EndGlobalSection
	GlobalSection(SolutionProperties) = preSolution
		HideSolutionNode = FALSE
	EndGlobalSection
EndGlobal
