
Microsoft Visual Studio Solution File, Format Version 12.00
# Visual Studio 2013
VisualStudioVersion = 12.0.21005.1
MinimumVisualStudioVersion = 10.0.40219.1
Project("{FAE04EC0-301F-11D3-BF4B-00C04F79EFBC}") = "Lab6 _ José Carlos Girón _ 1064718", "Lab6 _ José Carlos Girón _ 1064718\Lab6 _ José Carlos Girón _ 1064718.csproj", "{805F335C-5679-4723-865E-61745E3D5944}"
EndProject
Global
	GlobalSection(SolutionConfigurationPlatforms) = preSolution
		Debug|Any CPU = Debug|Any CPU
		Release|Any CPU = Release|Any CPU
	EndGlobalSection
	GlobalSection(ProjectConfigurationPlatforms) = postSolution
		{805F335C-5679-4723-865E-61745E3D5944}.Debug|Any CPU.ActiveCfg = Debug|Any CPU
		{805F335C-5679-4723-865E-61745E3D5944}.Debug|Any CPU.Build.0 = Debug|Any CPU
		{805F335C-5679-4723-865E-61745E3D5944}.Release|Any CPU.ActiveCfg = Release|Any CPU
		{805F335C-5679-4723-865E-61745E3D5944}.Release|Any CPU.Build.0 = Release|Any CPU
	EndGlobalSection
	GlobalSection(SolutionProperties) = preSolution
		HideSolutionNode = FALSE
	EndGlobalSection
EndGlobal
